
Microsoft Visual Studio Solution File, Format Version 12.00
# Visual Studio Version 17
VisualStudioVersion = 17.7.34024.191
MinimumVisualStudioVersion = 10.0.40219.1
Project("{8BC9CEB8-8B4A-11D0-8D11-00A0C91BC942}") = "LAB10.1C++", "LAB10.1C++\LAB10.1C++.vcxproj", "{7180FD4B-E338-47F4-A6AD-2DC149178460}"
EndProject
Project("{8BC9CEB8-8B4A-11D0-8D11-00A0C91BC942}") = "UnitTest10.1C++", "UnitTest10.1C++\UnitTest10.1C++.vcxproj", "{70597E82-8B70-49FD-B983-EB0749B1A27C}"
EndProject
Global
	GlobalSection(SolutionConfigurationPlatforms) = preSolution
		Debug|x64 = Debug|x64
		Debug|x86 = Debug|x86
		Release|x64 = Release|x64
		Release|x86 = Release|x86
	EndGlobalSection
	GlobalSection(ProjectConfigurationPlatforms) = postSolution
		{7180FD4B-E338-47F4-A6AD-2DC149178460}.Debug|x64.ActiveCfg = Debug|x64
		{7180FD4B-E338-47F4-A6AD-2DC149178460}.Debug|x64.Build.0 = Debug|x64
		{7180FD4B-E338-47F4-A6AD-2DC149178460}.Debug|x86.ActiveCfg = Debug|Win32
		{7180FD4B-E338-47F4-A6AD-2DC149178460}.Debug|x86.Build.0 = Debug|Win32
		{7180FD4B-E338-47F4-A6AD-2DC149178460}.Release|x64.ActiveCfg = Release|x64
		{7180FD4B-E338-47F4-A6AD-2DC149178460}.Release|x64.Build.0 = Release|x64
		{7180FD4B-E338-47F4-A6AD-2DC149178460}.Release|x86.ActiveCfg = Release|Win32
		{7180FD4B-E338-47F4-A6AD-2DC149178460}.Release|x86.Build.0 = Release|Win32
		{70597E82-8B70-49FD-B983-EB0749B1A27C}.Debug|x64.ActiveCfg = Debug|x64
		{70597E82-8B70-49FD-B983-EB0749B1A27C}.Debug|x64.Build.0 = Debug|x64
		{70597E82-8B70-49FD-B983-EB0749B1A27C}.Debug|x86.ActiveCfg = Debug|Win32
		{70597E82-8B70-49FD-B983-EB0749B1A27C}.Debug|x86.Build.0 = Debug|Win32
		{70597E82-8B70-49FD-B983-EB0749B1A27C}.Release|x64.ActiveCfg = Release|x64
		{70597E82-8B70-49FD-B983-EB0749B1A27C}.Release|x64.Build.0 = Release|x64
		{70597E82-8B70-49FD-B983-EB0749B1A27C}.Release|x86.ActiveCfg = Release|Win32
		{70597E82-8B70-49FD-B983-EB0749B1A27C}.Release|x86.Build.0 = Release|Win32
	EndGlobalSection
	GlobalSection(SolutionProperties) = preSolution
		HideSolutionNode = FALSE
	EndGlobalSection
	GlobalSection(ExtensibilityGlobals) = postSolution
		SolutionGuid = {B84D0634-FAAA-4CE4-9DE4-40B5F8B08B49}
	EndGlobalSection
EndGlobal
